
Microsoft Visual Studio Solution File, Format Version 12.00
# Visual Studio Version 16
VisualStudioVersion = 16.0.29001.49
MinimumVisualStudioVersion = 10.0.40219.1
Project("{9A19103F-16F7-4668-BE54-9A1E7A4F7556}") = "CGI.SOAR.Intranet.Core", "CGI.SOAR.Intranet.Core\CGI.SOAR.Intranet.Core.csproj", "{63700FB5-0428-423B-ABC5-812083C107FD}"
EndProject
Project("{9A19103F-16F7-4668-BE54-9A1E7A4F7556}") = "CGI.SOAR.Intranet.Data", "CGI.SOAR.Intranet.Data\CGI.SOAR.Intranet.Data.csproj", "{FBEDCC20-916D-4EF4-B9DB-259D76F8619C}"
EndProject
Project("{9A19103F-16F7-4668-BE54-9A1E7A4F7556}") = "CGI.SOAR.Intranet.Tests", "CGI.SOAR.Intranet.Tests\CGI.SOAR.Intranet.Tests.csproj", "{CA7DE551-D2FF-4019-8721-FEA405CC6289}"
EndProject
Project("{9A19103F-16F7-4668-BE54-9A1E7A4F7556}") = "CGI.SOAR.Intranet.Website", "CGI.SOAR.Intranet.Website\CGI.SOAR.Intranet.Website.csproj", "{4F50CB1C-D2AA-43D0-BEB4-1B8AC262119A}"
EndProject
Project("{2150E333-8FDC-42A3-9474-1A3956D46DE8}") = "Solution Items", "Solution Items", "{F1057F4B-D01D-457F-9B7C-0711248F52AA}"
	ProjectSection(SolutionItems) = preProject
		.editorconfig = .editorconfig
		.gitignore = .gitignore
		azure-pipelines.yml = azure-pipelines.yml
	EndProjectSection
EndProject
Project("{9A19103F-16F7-4668-BE54-9A1E7A4F7556}") = "CGI.SOAR.Intranet.API", "CGI.SOAR.Intranet.API\CGI.SOAR.Intranet.API.csproj", "{15E3D4D8-9006-43FB-B0A7-D5FB2F01293B}"
EndProject
Project("{9A19103F-16F7-4668-BE54-9A1E7A4F7556}") = "CGI.SOAR.Intranet.Infrastructure", "CGI.SOAR.Intranet.Infrastructure\CGI.SOAR.Intranet.Infrastructure.csproj", "{BED72C8E-5C6C-419A-9CB3-959FE6545602}"
EndProject
Project("{9A19103F-16F7-4668-BE54-9A1E7A4F7556}") = "CGI.SOAR.Intranet.UITemplates", "CGI.SOAR.Intranet.UITemplates\CGI.SOAR.Intranet.UITemplates.csproj", "{04700346-4026-4446-BFF9-488FBE0EE09A}"
EndProject
Global
	GlobalSection(SolutionConfigurationPlatforms) = preSolution
		Debug|Any CPU = Debug|Any CPU
		Release|Any CPU = Release|Any CPU
	EndGlobalSection
	GlobalSection(ProjectConfigurationPlatforms) = postSolution
		{63700FB5-0428-423B-ABC5-812083C107FD}.Debug|Any CPU.ActiveCfg = Debug|Any CPU
		{63700FB5-0428-423B-ABC5-812083C107FD}.Debug|Any CPU.Build.0 = Debug|Any CPU
		{63700FB5-0428-423B-ABC5-812083C107FD}.Release|Any CPU.ActiveCfg = Release|Any CPU
		{63700FB5-0428-423B-ABC5-812083C107FD}.Release|Any CPU.Build.0 = Release|Any CPU
		{FBEDCC20-916D-4EF4-B9DB-259D76F8619C}.Debug|Any CPU.ActiveCfg = Debug|Any CPU
		{FBEDCC20-916D-4EF4-B9DB-259D76F8619C}.Debug|Any CPU.Build.0 = Debug|Any CPU
		{FBEDCC20-916D-4EF4-B9DB-259D76F8619C}.Release|Any CPU.ActiveCfg = Release|Any CPU
		{FBEDCC20-916D-4EF4-B9DB-259D76F8619C}.Release|Any CPU.Build.0 = Release|Any CPU
		{CA7DE551-D2FF-4019-8721-FEA405CC6289}.Debug|Any CPU.ActiveCfg = Debug|Any CPU
		{CA7DE551-D2FF-4019-8721-FEA405CC6289}.Debug|Any CPU.Build.0 = Debug|Any CPU
		{CA7DE551-D2FF-4019-8721-FEA405CC6289}.Release|Any CPU.ActiveCfg = Release|Any CPU
		{CA7DE551-D2FF-4019-8721-FEA405CC6289}.Release|Any CPU.Build.0 = Release|Any CPU
		{4F50CB1C-D2AA-43D0-BEB4-1B8AC262119A}.Debug|Any CPU.ActiveCfg = Debug|Any CPU
		{4F50CB1C-D2AA-43D0-BEB4-1B8AC262119A}.Debug|Any CPU.Build.0 = Debug|Any CPU
		{4F50CB1C-D2AA-43D0-BEB4-1B8AC262119A}.Release|Any CPU.ActiveCfg = Release|Any CPU
		{4F50CB1C-D2AA-43D0-BEB4-1B8AC262119A}.Release|Any CPU.Build.0 = Release|Any CPU
		{15E3D4D8-9006-43FB-B0A7-D5FB2F01293B}.Debug|Any CPU.ActiveCfg = Debug|Any CPU
		{15E3D4D8-9006-43FB-B0A7-D5FB2F01293B}.Debug|Any CPU.Build.0 = Debug|Any CPU
		{15E3D4D8-9006-43FB-B0A7-D5FB2F01293B}.Release|Any CPU.ActiveCfg = Release|Any CPU
		{15E3D4D8-9006-43FB-B0A7-D5FB2F01293B}.Release|Any CPU.Build.0 = Release|Any CPU
		{BED72C8E-5C6C-419A-9CB3-959FE6545602}.Debug|Any CPU.ActiveCfg = Debug|Any CPU
		{BED72C8E-5C6C-419A-9CB3-959FE6545602}.Debug|Any CPU.Build.0 = Debug|Any CPU
		{BED72C8E-5C6C-419A-9CB3-959FE6545602}.Release|Any CPU.ActiveCfg = Release|Any CPU
		{BED72C8E-5C6C-419A-9CB3-959FE6545602}.Release|Any CPU.Build.0 = Release|Any CPU
		{04700346-4026-4446-BFF9-488FBE0EE09A}.Debug|Any CPU.ActiveCfg = Debug|Any CPU
		{04700346-4026-4446-BFF9-488FBE0EE09A}.Debug|Any CPU.Build.0 = Debug|Any CPU
		{04700346-4026-4446-BFF9-488FBE0EE09A}.Release|Any CPU.ActiveCfg = Release|Any CPU
		{04700346-4026-4446-BFF9-488FBE0EE09A}.Release|Any CPU.Build.0 = Release|Any CPU
	EndGlobalSection
	GlobalSection(SolutionProperties) = preSolution
		HideSolutionNode = FALSE
	EndGlobalSection
	GlobalSection(ExtensibilityGlobals) = postSolution
		SolutionGuid = {5121A1E3-5CC2-4BC0-8BB7-DE37E3D2DBC6}
	EndGlobalSection
EndGlobal
